// !$*UTF8*$!
{
	archiveVersion = 1;
	classes = {
	};
	objectVersion = 50;
	objects = {

/* Begin PBXBuildFile section */
		6B9D84C725F184B1009832A0 /* AppDelegate.swift in Sources */ = {isa = PBXBuildFile; fileRef = 6B9D84C625F184B1009832A0 /* AppDelegate.swift */; };
		6B9D84C925F184B1009832A0 /* SceneDelegate.swift in Sources */ = {isa = PBXBuildFile; fileRef = 6B9D84C825F184B1009832A0 /* SceneDelegate.swift */; };
		6B9D84CB25F184B1009832A0 /* ViewController.swift in Sources */ = {isa = PBXBuildFile; fileRef = 6B9D84CA25F184B1009832A0 /* ViewController.swift */; };
		6B9D84CE25F184B1009832A0 /* Main.storyboard in Resources */ = {isa = PBXBuildFile; fileRef = 6B9D84CC25F184B1009832A0 /* Main.storyboard */; };
		6B9D84D025F184B1009832A0 /* Assets.xcassets in Resources */ = {isa = PBXBuildFile; fileRef = 6B9D84CF25F184B1009832A0 /* Assets.xcassets */; };
		6B9D84D325F184B1009832A0 /* LaunchScreen.storyboard in Resources */ = {isa = PBXBuildFile; fileRef = 6B9D84D125F184B1009832A0 /* LaunchScreen.storyboard */; };
		6B9D84DC25F184C5009832A0 /* Story.swift in Sources */ = {isa = PBXBuildFile; fileRef = 6B9D84DB25F184C5009832A0 /* Story.swift */; };
		6B9D84DF25F184D1009832A0 /* StoryBrain.swift in Sources */ = {isa = PBXBuildFile; fileRef = 6B9D84DE25F184D1009832A0 /* StoryBrain.swift */; };
/* End PBXBuildFile section */

/* Begin PBXFileReference section */
		6B9D84C325F184B1009832A0 /* YourStory.app */ = {isa = PBXFileReference; explicitFileType = wrapper.application; includeInIndex = 0; path = YourStory.app; sourceTree = BUILT_PRODUCTS_DIR; };
		6B9D84C625F184B1009832A0 /* AppDelegate.swift */ = {isa = PBXFileReference; lastKnownFileType = sourcecode.swift; path = AppDelegate.swift; sourceTree = "<group>"; };
		6B9D84C825F184B1009832A0 /* SceneDelegate.swift */ = {isa = PBXFileReference; lastKnownFileType = sourcecode.swift; path = SceneDelegate.swift; sourceTree = "<group>"; };
		6B9D84CA25F184B1009832A0 /* ViewController.swift */ = {isa = PBXFileReference; lastKnownFileType = sourcecode.swift; path = ViewController.swift; sourceTree = "<group>"; };
		6B9D84CD25F184B1009832A0 /* Base */ = {isa = PBXFileReference; lastKnownFileType = file.storyboard; name = Base; path = Base.lproj/Main.storyboard; sourceTree = "<group>"; };
		6B9D84CF25F184B1009832A0 /* Assets.xcassets */ = {isa = PBXFileReference; lastKnownFileType = folder.assetcatalog; path = Assets.xcassets; sourceTree = "<group>"; };
		6B9D84D225F184B1009832A0 /* Base */ = {isa = PBXFileReference; lastKnownFileType = file.storyboard; name = Base; path = Base.lproj/LaunchScreen.storyboard; sourceTree = "<group>"; };
		6B9D84D425F184B1009832A0 /* Info.plist */ = {isa = PBXFileReference; lastKnownFileType = text.plist.xml; path = Info.plist; sourceTree = "<group>"; };
		6B9D84DB25F184C5009832A0 /* Story.swift */ = {isa = PBXFileReference; lastKnownFileType = sourcecode.swift; path = Story.swift; sourceTree = "<group>"; };
		6B9D84DE25F184D1009832A0 /* StoryBrain.swift */ = {isa = PBXFileReference; lastKnownFileType = sourcecode.swift; path = StoryBrain.swift; sourceTree = "<group>"; };
/* End PBXFileReference section */

/* Begin PBXFrameworksBuildPhase section */
		6B9D84C025F184B0009832A0 /* Frameworks */ = {
			isa = PBXFrameworksBuildPhase;
			buildActionMask = 2147483647;
			files = (
			);
			runOnlyForDeploymentPostprocessing = 0;
		};
/* End PBXFrameworksBuildPhase section */

/* Begin PBXGroup section */
		6B9D84BA25F184B0009832A0 = {
			isa = PBXGroup;
			children = (
				6B9D84C525F184B1009832A0 /* YourStory */,
				6B9D84C425F184B1009832A0 /* Products */,
			);
			sourceTree = "<group>";
		};
		6B9D84C425F184B1009832A0 /* Products */ = {
			isa = PBXGroup;
			children = (
				6B9D84C325F184B1009832A0 /* YourStory.app */,
			);
			name = Products;
			sourceTree = "<group>";
		};
		6B9D84C525F184B1009832A0 /* YourStory */ = {
			isa = PBXGroup;
			children = (
				6B9D84C625F184B1009832A0 /* AppDelegate.swift */,
				6B9D84C825F184B1009832A0 /* SceneDelegate.swift */,
				6B9D84E125F184DA009832A0 /* Model */,
				6B9D84E425F184E9009832A0 /* View */,
				6B9D84E525F184F6009832A0 /* Controller */,
				6B9D84CF25F184B1009832A0 /* Assets.xcassets */,
				6B9D84D125F184B1009832A0 /* LaunchScreen.storyboard */,
				6B9D84D425F184B1009832A0 /* Info.plist */,
			);
			path = YourStory;
			sourceTree = "<group>";
		};
		6B9D84E125F184DA009832A0 /* Model */ = {
			isa = PBXGroup;
			children = (
				6B9D84DB25F184C5009832A0 /* Story.swift */,
				6B9D84DE25F184D1009832A0 /* StoryBrain.swift */,
			);
			path = Model;
			sourceTree = "<group>";
		};
		6B9D84E425F184E9009832A0 /* View */ = {
			isa = PBXGroup;
			children = (
				6B9D84CC25F184B1009832A0 /* Main.storyboard */,
			);
			path = View;
			sourceTree = "<group>";
		};
		6B9D84E525F184F6009832A0 /* Controller */ = {
			isa = PBXGroup;
			children = (
				6B9D84CA25F184B1009832A0 /* ViewController.swift */,
			);
			path = Controller;
			sourceTree = "<group>";
		};
/* End PBXGroup section */

/* Begin PBXNativeTarget section */
		6B9D84C225F184B0009832A0 /* YourStory */ = {
			isa = PBXNativeTarget;
			buildConfigurationList = 6B9D84D725F184B1009832A0 /* Build configuration list for PBXNativeTarget "YourStory" */;
			buildPhases = (
				6B9D84BF25F184B0009832A0 /* Sources */,
				6B9D84C025F184B0009832A0 /* Frameworks */,
				6B9D84C125F184B0009832A0 /* Resources */,
			);
			buildRules = (
			);
			dependencies = (
			);
			name = YourStory;
			productName = YourStory;
			productReference = 6B9D84C325F184B1009832A0 /* YourStory.app */;
			productType = "com.apple.product-type.application";
		};
/* End PBXNativeTarget section */

/* Begin PBXProject section */
		6B9D84BB25F184B0009832A0 /* Project object */ = {
			isa = PBXProject;
			attributes = {
				LastSwiftUpdateCheck = 1240;
				LastUpgradeCheck = 1240;
				TargetAttributes = {
					6B9D84C225F184B0009832A0 = {
						CreatedOnToolsVersion = 12.4;
					};
				};
			};
			buildConfigurationList = 6B9D84BE25F184B0009832A0 /* Build configuration list for PBXProject "YourStory" */;
			compatibilityVersion = "Xcode 9.3";
			developmentRegion = en;
			hasScannedForEncodings = 0;
			knownRegions = (
				en,
				Base,
			);
			mainGroup = 6B9D84BA25F184B0009832A0;
			productRefGroup = 6B9D84C425F184B1009832A0 /* Products */;
			projectDirPath = "";
			projectRoot = "";
			targets = (
				6B9D84C225F184B0009832A0 /* YourStory */,
			);
		};
/* End PBXProject section */

/* Begin PBXResourcesBuildPhase section */
		6B9D84C125F184B0009832A0 /* Resources */ = {
			isa = PBXResourcesBuildPhase;
			buildActionMask = 2147483647;
			files = (
				6B9D84D325F184B1009832A0 /* LaunchScreen.storyboard in Resources */,
				6B9D84D025F184B1009832A0 /* Assets.xcassets in Resources */,
				6B9D84CE25F184B1009832A0 /* Main.storyboard in Resources */,
			);
			runOnlyForDeploymentPostprocessing = 0;
		};
/* End PBXResourcesBuildPhase section */

/* Begin PBXSourcesBuildPhase section */
		6B9D84BF25F184B0009832A0 /* Sources */ = {
			isa = PBXSourcesBuildPhase;
			buildActionMask = 2147483647;
			files = (
				6B9D84DF25F184D1009832A0 /* StoryBrain.swift in Sources */,
				6B9D84CB25F184B1009832A0 /* ViewController.swift in Sources */,
				6B9D84C725F184B1009832A0 /* AppDelegate.swift in Sources */,
				6B9D84C925F184B1009832A0 /* SceneDelegate.swift in Sources */,
				6B9D84DC25F184C5009832A0 /* Story.swift in Sources */,
			);
			runOnlyForDeploymentPostprocessing = 0;
		};
/* End PBXSourcesBuildPhase section */

/* Begin PBXVariantGroup section */
		6B9D84CC25F184B1009832A0 /* Main.storyboard */ = {
			isa = PBXVariantGroup;
			children = (
				6B9D84CD25F184B1009832A0 /* Base */,
			);
			name = Main.storyboard;
			sourceTree = "<group>";
		};
		6B9D84D125F184B1009832A0 /* LaunchScreen.storyboard */ = {
			isa = PBXVariantGroup;
			children = (
				6B9D84D225F184B1009832A0 /* Base */,
			);
			name = LaunchScreen.storyboard;
			sourceTree = "<group>";
		};
/* End PBXVariantGroup section */

/* Begin XCBuildConfiguration section */
		6B9D84D525F184B1009832A0 /* Debug */ = {
			isa = XCBuildConfiguration;
			buildSettings = {
				ALWAYS_SEARCH_USER_PATHS = NO;
				CLANG_ANALYZER_NONNULL = YES;
				CLANG_ANALYZER_NUMBER_OBJECT_CONVERSION = YES_AGGRESSIVE;
				CLANG_CXX_LANGUAGE_STANDARD = "gnu++14";
				CLANG_CXX_LIBRARY = "libc++";
				CLANG_ENABLE_MODULES = YES;
				CLANG_ENABLE_OBJC_ARC = YES;
				CLANG_ENABLE_OBJC_WEAK = YES;
				CLANG_WARN_BLOCK_CAPTURE_AUTORELEASING = YES;
				CLANG_WARN_BOOL_CONVERSION = YES;
				CLANG_WARN_COMMA = YES;
				CLANG_WARN_CONSTANT_CONVERSION = YES;
				CLANG_WARN_DEPRECATED_OBJC_IMPLEMENTATIONS = YES;
				CLANG_WARN_DIRECT_OBJC_ISA_USAGE = YES_ERROR;
				CLANG_WARN_DOCUMENTATION_COMMENTS = YES;
				CLANG_WARN_EMPTY_BODY = YES;
				CLANG_WARN_ENUM_CONVERSION = YES;
				CLANG_WARN_INFINITE_RECURSION = YES;
				CLANG_WARN_INT_CONVERSION = YES;
				CLANG_WARN_NON_LITERAL_NULL_CONVERSION = YES;
				CLANG_WARN_OBJC_IMPLICIT_RETAIN_SELF = YES;
				CLANG_WARN_OBJC_LITERAL_CONVERSION = YES;
				CLANG_WARN_OBJC_ROOT_CLASS = YES_ERROR;
				CLANG_WARN_QUOTED_INCLUDE_IN_FRAMEWORK_HEADER = YES;
				CLANG_WARN_RANGE_LOOP_ANALYSIS = YES;
				CLANG_WARN_STRICT_PROTOTYPES = YES;
				CLANG_WARN_SUSPICIOUS_MOVE = YES;
				CLANG_WARN_UNGUARDED_AVAILABILITY = YES_AGGRESSIVE;
				CLANG_WARN_UNREACHABLE_CODE = YES;
				CLANG_WARN__DUPLICATE_METHOD_MATCH = YES;
				COPY_PHASE_STRIP = NO;
				DEBUG_INFORMATION_FORMAT = dwarf;
				ENABLE_STRICT_OBJC_MSGSEND = YES;
				ENABLE_TESTABILITY = YES;
				GCC_C_LANGUAGE_STANDARD = gnu11;
				GCC_DYNAMIC_NO_PIC = NO;
				GCC_NO_COMMON_BLOCKS = YES;
				GCC_OPTIMIZATION_LEVEL = 0;
				GCC_PREPROCESSOR_DEFINITIONS = (
					"DEBUG=1",
					"$(inherited)",
				);
				GCC_WARN_64_TO_32_BIT_CONVERSION = YES;
				GCC_WARN_ABOUT_RETURN_TYPE = YES_ERROR;
				GCC_WARN_UNDECLARED_SELECTOR = YES;
				GCC_WARN_UNINITIALIZED_AUTOS = YES_AGGRESSIVE;
				GCC_WARN_UNUSED_FUNCTION = YES;
				GCC_WARN_UNUSED_VARIABLE = YES;
				IPHONEOS_DEPLOYMENT_TARGET = 14.4;
				MTL_ENABLE_DEBUG_INFO = INCLUDE_SOURCE;
				MTL_FAST_MATH = YES;
				ONLY_ACTIVE_ARCH = YES;
				SDKROOT = iphoneos;
				SWIFT_ACTIVE_COMPILATION_CONDITIONS = DEBUG;
				SWIFT_OPTIMIZATION_LEVEL = "-Onone";
			};
			name = Debug;
		};
		6B9D84D625F184B1009832A0 /* Release */ = {
			isa = XCBuildConfiguration;
			buildSettings = {
				ALWAYS_SEARCH_USER_PATHS = NO;
				CLANG_ANALYZER_NONNULL = YES;
				CLANG_ANALYZER_NUMBER_OBJECT_CONVERSION = YES_AGGRESSIVE;
				CLANG_CXX_LANGUAGE_STANDARD = "gnu++14";
				CLANG_CXX_LIBRARY = "libc++";
				CLANG_ENABLE_MODULES = YES;
				CLANG_ENABLE_OBJC_ARC = YES;
				CLANG_ENABLE_OBJC_WEAK = YES;
				CLANG_WARN_BLOCK_CAPTURE_AUTORELEASING = YES;
				CLANG_WARN_BOOL_CONVERSION = YES;
				CLANG_WARN_COMMA = YES;
				CLANG_WARN_CONSTANT_CONVERSION = YES;
				CLANG_WARN_DEPRECATED_OBJC_IMPLEMENTATIONS = YES;
				CLANG_WARN_DIRECT_OBJC_ISA_USAGE = YES_ERROR;
				CLANG_WARN_DOCUMENTATION_COMMENTS = YES;
				CLANG_WARN_EMPTY_BODY = YES;
				CLANG_WARN_ENUM_CONVERSION = YES;
				CLANG_WARN_INFINITE_RECURSION = YES;
				CLANG_WARN_INT_CONVERSION = YES;
				CLANG_WARN_NON_LITERAL_NULL_CONVERSION = YES;
				CLANG_WARN_OBJC_IMPLICIT_RETAIN_SELF = YES;
				CLANG_WARN_OBJC_LITERAL_CONVERSION = YES;
				CLANG_WARN_OBJC_ROOT_CLASS = YES_ERROR;
				CLANG_WARN_QUOTED_INCLUDE_IN_FRAMEWORK_HEADER = YES;
				CLANG_WARN_RANGE_LOOP_ANALYSIS = YES;
				CLANG_WARN_STRICT_PROTOTYPES = YES;
				CLANG_WARN_SUSPICIOUS_MOVE = YES;
				CLANG_WARN_UNGUARDED_AVAILABILITY = YES_AGGRESSIVE;
				CLANG_WARN_UNREACHABLE_CODE = YES;
				CLANG_WARN__DUPLICATE_METHOD_MATCH = YES;
				COPY_PHASE_STRIP = NO;
				DEBUG_INFORMATION_FORMAT = "dwarf-with-dsym";
				ENABLE_NS_ASSERTIONS = NO;
				ENABLE_STRICT_OBJC_MSGSEND = YES;
				GCC_C_LANGUAGE_STANDARD = gnu11;
				GCC_NO_COMMON_BLOCKS = YES;
				GCC_WARN_64_TO_32_BIT_CONVERSION = YES;
				GCC_WARN_ABOUT_RETURN_TYPE = YES_ERROR;
				GCC_WARN_UNDECLARED_SELECTOR = YES;
				GCC_WARN_UNINITIALIZED_AUTOS = YES_AGGRESSIVE;
				GCC_WARN_UNUSED_FUNCTION = YES;
				GCC_WARN_UNUSED_VARIABLE = YES;
				IPHONEOS_DEPLOYMENT_TARGET = 14.4;
				MTL_ENABLE_DEBUG_INFO = NO;
				MTL_FAST_MATH = YES;
				SDKROOT = iphoneos;
				SWIFT_COMPILATION_MODE = wholemodule;
				SWIFT_OPTIMIZATION_LEVEL = "-O";
				VALIDATE_PRODUCT = YES;
			};
			name = Release;
		};
		6B9D84D825F184B1009832A0 /* Debug */ = {
			isa = XCBuildConfiguration;
			buildSettings = {
				ASSETCATALOG_COMPILER_APPICON_NAME = AppIcon;
				ASSETCATALOG_COMPILER_GLOBAL_ACCENT_COLOR_NAME = AccentColor;
				CODE_SIGN_STYLE = Automatic;
				DEVELOPMENT_TEAM = B5C67X65GA;
				INFOPLIST_FILE = YourStory/Info.plist;
				LD_RUNPATH_SEARCH_PATHS = (
					"$(inherited)",
					"@executable_path/Frameworks",
				);
				PRODUCT_BUNDLE_IDENTIFIER = com.mxmaria.YourStory;
				PRODUCT_NAME = "$(TARGET_NAME)";
				SWIFT_VERSION = 5.0;
				TARGETED_DEVICE_FAMILY = "1,2";
			};
			name = Debug;
		};
		6B9D84D925F184B1009832A0 /* Release */ = {
			isa = XCBuildConfiguration;
			buildSettings = {
				ASSETCATALOG_COMPILER_APPICON_NAME = AppIcon;
				ASSETCATALOG_COMPILER_GLOBAL_ACCENT_COLOR_NAME = AccentColor;
				CODE_SIGN_STYLE = Automatic;
				DEVELOPMENT_TEAM = B5C67X65GA;
				INFOPLIST_FILE = YourStory/Info.plist;
				LD_RUNPATH_SEARCH_PATHS = (
					"$(inherited)",
					"@executable_path/Frameworks",
				);
				PRODUCT_BUNDLE_IDENTIFIER = com.mxmaria.YourStory;
				PRODUCT_NAME = "$(TARGET_NAME)";
				SWIFT_VERSION = 5.0;
				TARGETED_DEVICE_FAMILY = "1,2";
			};
			name = Release;
		};
/* End XCBuildConfiguration section */

/* Begin XCConfigurationList section */
		6B9D84BE25F184B0009832A0 /* Build configuration list for PBXProject "YourStory" */ = {
			isa = XCConfigurationList;
			buildConfigurations = (
				6B9D84D525F184B1009832A0 /* Debug */,
				6B9D84D625F184B1009832A0 /* Release */,
			);
			defaultConfigurationIsVisible = 0;
			defaultConfigurationName = Release;
		};
		6B9D84D725F184B1009832A0 /* Build configuration list for PBXNativeTarget "YourStory" */ = {
			isa = XCConfigurationList;
			buildConfigurations = (
				6B9D84D825F184B1009832A0 /* Debug */,
				6B9D84D925F184B1009832A0 /* Release */,
			);
			defaultConfigurationIsVisible = 0;
			defaultConfigurationName = Release;
		};
/* End XCConfigurationList section */
	};
	rootObject = 6B9D84BB25F184B0009832A0 /* Project object */;
}
